
Microsoft Visual Studio Solution File, Format Version 12.00
# Visual Studio Version 17
VisualStudioVersion = 17.8.34309.116
MinimumVisualStudioVersion = 10.0.40219.1
Project("{2150E333-8FDC-42A3-9474-1A3956D46DE8}") = "Solution Items", "Solution Items", "{F176BE51-4147-4419-91BD-430229D5F8B0}"
	ProjectSection(SolutionItems) = preProject
		LICENSE.txt = LICENSE.txt
		README.md = README.md
	EndProjectSection
EndProject
Project("{9A19103F-16F7-4668-BE54-9A1E7A4F7556}") = "zxeltor.Types.Lib", "zxeltor.Types.Lib\zxeltor.Types.Lib.csproj", "{F0E02D39-49D2-45CB-A9FC-1E25DBDCC606}"
EndProject
Project("{9A19103F-16F7-4668-BE54-9A1E7A4F7556}") = "zxeltor.StoCombat.Realtime", "zxeltor.StoCombat.Realtime\zxeltor.StoCombat.Realtime.csproj", "{24EEA33C-E57C-44A2-B48D-4C7C2CA5BE1B}"
EndProject
Project("{9A19103F-16F7-4668-BE54-9A1E7A4F7556}") = "zxeltor.StoCombat.Lib", "zxeltor.StoCombat.Lib\zxeltor.StoCombat.Lib.csproj", "{01642840-0A9C-48A4-B4B8-A618A88A6393}"
EndProject
Project("{9A19103F-16F7-4668-BE54-9A1E7A4F7556}") = "zxeltor.StoCombat.Analyzer", "zxeltor.StoCombat.Analyser\zxeltor.StoCombat.Analyzer.csproj", "{C7D6A436-905D-47BB-80D3-CDA112F4C551}"
EndProject
Global
	GlobalSection(SolutionConfigurationPlatforms) = preSolution
		Debug|Any CPU = Debug|Any CPU
		Debug|ARM = Debug|ARM
		Debug|ARM64 = Debug|ARM64
		Debug|x64 = Debug|x64
		Debug|x86 = Debug|x86
		Release|Any CPU = Release|Any CPU
		Release|ARM = Release|ARM
		Release|ARM64 = Release|ARM64
		Release|x64 = Release|x64
		Release|x86 = Release|x86
	EndGlobalSection
	GlobalSection(ProjectConfigurationPlatforms) = postSolution
		{F0E02D39-49D2-45CB-A9FC-1E25DBDCC606}.Debug|Any CPU.ActiveCfg = Debug|Any CPU
		{F0E02D39-49D2-45CB-A9FC-1E25DBDCC606}.Debug|Any CPU.Build.0 = Debug|Any CPU
		{F0E02D39-49D2-45CB-A9FC-1E25DBDCC606}.Debug|ARM.ActiveCfg = Debug|Any CPU
		{F0E02D39-49D2-45CB-A9FC-1E25DBDCC606}.Debug|ARM.Build.0 = Debug|Any CPU
		{F0E02D39-49D2-45CB-A9FC-1E25DBDCC606}.Debug|ARM64.ActiveCfg = Debug|Any CPU
		{F0E02D39-49D2-45CB-A9FC-1E25DBDCC606}.Debug|ARM64.Build.0 = Debug|Any CPU
		{F0E02D39-49D2-45CB-A9FC-1E25DBDCC606}.Debug|x64.ActiveCfg = Debug|Any CPU
		{F0E02D39-49D2-45CB-A9FC-1E25DBDCC606}.Debug|x64.Build.0 = Debug|Any CPU
		{F0E02D39-49D2-45CB-A9FC-1E25DBDCC606}.Debug|x86.ActiveCfg = Debug|Any CPU
		{F0E02D39-49D2-45CB-A9FC-1E25DBDCC606}.Debug|x86.Build.0 = Debug|Any CPU
		{F0E02D39-49D2-45CB-A9FC-1E25DBDCC606}.Release|Any CPU.ActiveCfg = Release|Any CPU
		{F0E02D39-49D2-45CB-A9FC-1E25DBDCC606}.Release|Any CPU.Build.0 = Release|Any CPU
		{F0E02D39-49D2-45CB-A9FC-1E25DBDCC606}.Release|ARM.ActiveCfg = Release|Any CPU
		{F0E02D39-49D2-45CB-A9FC-1E25DBDCC606}.Release|ARM.Build.0 = Release|Any CPU
		{F0E02D39-49D2-45CB-A9FC-1E25DBDCC606}.Release|ARM64.ActiveCfg = Release|Any CPU
		{F0E02D39-49D2-45CB-A9FC-1E25DBDCC606}.Release|ARM64.Build.0 = Release|Any CPU
		{F0E02D39-49D2-45CB-A9FC-1E25DBDCC606}.Release|x64.ActiveCfg = Release|Any CPU
		{F0E02D39-49D2-45CB-A9FC-1E25DBDCC606}.Release|x64.Build.0 = Release|Any CPU
		{F0E02D39-49D2-45CB-A9FC-1E25DBDCC606}.Release|x86.ActiveCfg = Release|Any CPU
		{F0E02D39-49D2-45CB-A9FC-1E25DBDCC606}.Release|x86.Build.0 = Release|Any CPU
		{24EEA33C-E57C-44A2-B48D-4C7C2CA5BE1B}.Debug|Any CPU.ActiveCfg = Debug|Any CPU
		{24EEA33C-E57C-44A2-B48D-4C7C2CA5BE1B}.Debug|Any CPU.Build.0 = Debug|Any CPU
		{24EEA33C-E57C-44A2-B48D-4C7C2CA5BE1B}.Debug|ARM.ActiveCfg = Debug|Any CPU
		{24EEA33C-E57C-44A2-B48D-4C7C2CA5BE1B}.Debug|ARM.Build.0 = Debug|Any CPU
		{24EEA33C-E57C-44A2-B48D-4C7C2CA5BE1B}.Debug|ARM64.ActiveCfg = Debug|Any CPU
		{24EEA33C-E57C-44A2-B48D-4C7C2CA5BE1B}.Debug|ARM64.Build.0 = Debug|Any CPU
		{24EEA33C-E57C-44A2-B48D-4C7C2CA5BE1B}.Debug|x64.ActiveCfg = Debug|Any CPU
		{24EEA33C-E57C-44A2-B48D-4C7C2CA5BE1B}.Debug|x64.Build.0 = Debug|Any CPU
		{24EEA33C-E57C-44A2-B48D-4C7C2CA5BE1B}.Debug|x86.ActiveCfg = Debug|Any CPU
		{24EEA33C-E57C-44A2-B48D-4C7C2CA5BE1B}.Debug|x86.Build.0 = Debug|Any CPU
		{24EEA33C-E57C-44A2-B48D-4C7C2CA5BE1B}.Release|Any CPU.ActiveCfg = Release|Any CPU
		{24EEA33C-E57C-44A2-B48D-4C7C2CA5BE1B}.Release|Any CPU.Build.0 = Release|Any CPU
		{24EEA33C-E57C-44A2-B48D-4C7C2CA5BE1B}.Release|ARM.ActiveCfg = Release|Any CPU
		{24EEA33C-E57C-44A2-B48D-4C7C2CA5BE1B}.Release|ARM.Build.0 = Release|Any CPU
		{24EEA33C-E57C-44A2-B48D-4C7C2CA5BE1B}.Release|ARM64.ActiveCfg = Release|Any CPU
		{24EEA33C-E57C-44A2-B48D-4C7C2CA5BE1B}.Release|ARM64.Build.0 = Release|Any CPU
		{24EEA33C-E57C-44A2-B48D-4C7C2CA5BE1B}.Release|x64.ActiveCfg = Release|Any CPU
		{24EEA33C-E57C-44A2-B48D-4C7C2CA5BE1B}.Release|x64.Build.0 = Release|Any CPU
		{24EEA33C-E57C-44A2-B48D-4C7C2CA5BE1B}.Release|x86.ActiveCfg = Release|Any CPU
		{24EEA33C-E57C-44A2-B48D-4C7C2CA5BE1B}.Release|x86.Build.0 = Release|Any CPU
		{01642840-0A9C-48A4-B4B8-A618A88A6393}.Debug|Any CPU.ActiveCfg = Debug|Any CPU
		{01642840-0A9C-48A4-B4B8-A618A88A6393}.Debug|Any CPU.Build.0 = Debug|Any CPU
		{01642840-0A9C-48A4-B4B8-A618A88A6393}.Debug|ARM.ActiveCfg = Debug|Any CPU
		{01642840-0A9C-48A4-B4B8-A618A88A6393}.Debug|ARM.Build.0 = Debug|Any CPU
		{01642840-0A9C-48A4-B4B8-A618A88A6393}.Debug|ARM64.ActiveCfg = Debug|Any CPU
		{01642840-0A9C-48A4-B4B8-A618A88A6393}.Debug|ARM64.Build.0 = Debug|Any CPU
		{01642840-0A9C-48A4-B4B8-A618A88A6393}.Debug|x64.ActiveCfg = Debug|Any CPU
		{01642840-0A9C-48A4-B4B8-A618A88A6393}.Debug|x64.Build.0 = Debug|Any CPU
		{01642840-0A9C-48A4-B4B8-A618A88A6393}.Debug|x86.ActiveCfg = Debug|Any CPU
		{01642840-0A9C-48A4-B4B8-A618A88A6393}.Debug|x86.Build.0 = Debug|Any CPU
		{01642840-0A9C-48A4-B4B8-A618A88A6393}.Release|Any CPU.ActiveCfg = Release|Any CPU
		{01642840-0A9C-48A4-B4B8-A618A88A6393}.Release|Any CPU.Build.0 = Release|Any CPU
		{01642840-0A9C-48A4-B4B8-A618A88A6393}.Release|ARM.ActiveCfg = Release|Any CPU
		{01642840-0A9C-48A4-B4B8-A618A88A6393}.Release|ARM.Build.0 = Release|Any CPU
		{01642840-0A9C-48A4-B4B8-A618A88A6393}.Release|ARM64.ActiveCfg = Release|Any CPU
		{01642840-0A9C-48A4-B4B8-A618A88A6393}.Release|ARM64.Build.0 = Release|Any CPU
		{01642840-0A9C-48A4-B4B8-A618A88A6393}.Release|x64.ActiveCfg = Release|Any CPU
		{01642840-0A9C-48A4-B4B8-A618A88A6393}.Release|x64.Build.0 = Release|Any CPU
		{01642840-0A9C-48A4-B4B8-A618A88A6393}.Release|x86.ActiveCfg = Release|Any CPU
		{01642840-0A9C-48A4-B4B8-A618A88A6393}.Release|x86.Build.0 = Release|Any CPU
		{C7D6A436-905D-47BB-80D3-CDA112F4C551}.Debug|Any CPU.ActiveCfg = Debug|Any CPU
		{C7D6A436-905D-47BB-80D3-CDA112F4C551}.Debug|Any CPU.Build.0 = Debug|Any CPU
		{C7D6A436-905D-47BB-80D3-CDA112F4C551}.Debug|ARM.ActiveCfg = Debug|Any CPU
		{C7D6A436-905D-47BB-80D3-CDA112F4C551}.Debug|ARM.Build.0 = Debug|Any CPU
		{C7D6A436-905D-47BB-80D3-CDA112F4C551}.Debug|ARM64.ActiveCfg = Debug|Any CPU
		{C7D6A436-905D-47BB-80D3-CDA112F4C551}.Debug|ARM64.Build.0 = Debug|Any CPU
		{C7D6A436-905D-47BB-80D3-CDA112F4C551}.Debug|x64.ActiveCfg = Debug|Any CPU
		{C7D6A436-905D-47BB-80D3-CDA112F4C551}.Debug|x64.Build.0 = Debug|Any CPU
		{C7D6A436-905D-47BB-80D3-CDA112F4C551}.Debug|x86.ActiveCfg = Debug|Any CPU
		{C7D6A436-905D-47BB-80D3-CDA112F4C551}.Debug|x86.Build.0 = Debug|Any CPU
		{C7D6A436-905D-47BB-80D3-CDA112F4C551}.Release|Any CPU.ActiveCfg = Release|Any CPU
		{C7D6A436-905D-47BB-80D3-CDA112F4C551}.Release|Any CPU.Build.0 = Release|Any CPU
		{C7D6A436-905D-47BB-80D3-CDA112F4C551}.Release|ARM.ActiveCfg = Release|Any CPU
		{C7D6A436-905D-47BB-80D3-CDA112F4C551}.Release|ARM.Build.0 = Release|Any CPU
		{C7D6A436-905D-47BB-80D3-CDA112F4C551}.Release|ARM64.ActiveCfg = Release|Any CPU
		{C7D6A436-905D-47BB-80D3-CDA112F4C551}.Release|ARM64.Build.0 = Release|Any CPU
		{C7D6A436-905D-47BB-80D3-CDA112F4C551}.Release|x64.ActiveCfg = Release|Any CPU
		{C7D6A436-905D-47BB-80D3-CDA112F4C551}.Release|x64.Build.0 = Release|Any CPU
		{C7D6A436-905D-47BB-80D3-CDA112F4C551}.Release|x86.ActiveCfg = Release|Any CPU
		{C7D6A436-905D-47BB-80D3-CDA112F4C551}.Release|x86.Build.0 = Release|Any CPU
	EndGlobalSection
	GlobalSection(SolutionProperties) = preSolution
		HideSolutionNode = FALSE
	EndGlobalSection
	GlobalSection(ExtensibilityGlobals) = postSolution
		SolutionGuid = {6DCF7C86-1D18-4020-A453-0C41E95AA3E6}
	EndGlobalSection
EndGlobal
